
Microsoft Visual Studio Solution File, Format Version 12.00
# Visual Studio Version 17
VisualStudioVersion = 17.2.32526.322
MinimumVisualStudioVersion = 10.0.40219.1
Project("{FAE04EC0-301F-11D3-BF4B-00C04F79EFBC}") = "Agenda", "Agenda.csproj", "{72BB5543-2296-400B-8C35-9D555ECB843C}"
EndProject
Global
	GlobalSection(SolutionConfigurationPlatforms) = preSolution
		Debug|Any CPU = Debug|Any CPU
		Release|Any CPU = Release|Any CPU
	EndGlobalSection
	GlobalSection(ProjectConfigurationPlatforms) = postSolution
		{72BB5543-2296-400B-8C35-9D555ECB843C}.Debug|Any CPU.ActiveCfg = Debug|Any CPU
		{72BB5543-2296-400B-8C35-9D555ECB843C}.Debug|Any CPU.Build.0 = Debug|Any CPU
		{72BB5543-2296-400B-8C35-9D555ECB843C}.Release|Any CPU.ActiveCfg = Release|Any CPU
		{72BB5543-2296-400B-8C35-9D555ECB843C}.Release|Any CPU.Build.0 = Release|Any CPU
	EndGlobalSection
	GlobalSection(SolutionProperties) = preSolution
		HideSolutionNode = FALSE
	EndGlobalSection
	GlobalSection(ExtensibilityGlobals) = postSolution
		SolutionGuid = {3DB579DE-A89A-4EDB-925C-EB6292937DB7}
	EndGlobalSection
EndGlobal
